
Microsoft Visual Studio Solution File, Format Version 12.00
# Visual Studio 15
VisualStudioVersion = 15.0.26124.0
MinimumVisualStudioVersion = 15.0.26124.0
Project("{FAE04EC0-301F-11D3-BF4B-00C04F79EFBC}") = "BionicHillbilly.BookShopService.Api", "BionicHillbilly.BookShopService.Api\BionicHillbilly.BookShopService.Api.csproj", "{E0D1C678-32CE-4806-A76B-42887DD4C570}"
EndProject
Project("{FAE04EC0-301F-11D3-BF4B-00C04F79EFBC}") = "BionicHillbilly.BookShopService.Books", "BionicHillbilly.BookShopService.Books\BionicHillbilly.BookShopService.Books.csproj", "{354B511C-A91C-437C-A3CC-ABA89C0D73D2}"
EndProject
Project("{FAE04EC0-301F-11D3-BF4B-00C04F79EFBC}") = "BionicHillbilly.BookShopService.Database", "BionicHillbilly.BookShopService.Database\BionicHillbilly.BookShopService.Database.csproj", "{B5E2F81A-95A2-4510-9032-B69767D6B96B}"
EndProject
Project("{FAE04EC0-301F-11D3-BF4B-00C04F79EFBC}") = "BionicHillbilly.BookShopService.Database.Seed", "BionicHillbilly.BookShopService.Database.Seed\BionicHillbilly.BookShopService.Database.Seed.csproj", "{096A7DD6-B0CB-49FF-A194-32802B31ED18}"
EndProject
Project("{FAE04EC0-301F-11D3-BF4B-00C04F79EFBC}") = "BionicHillbilly.BookShopService.Domain", "BionicHillbilly.BookShopService.Domain\BionicHillbilly.BookShopService.Domain.csproj", "{6C2AA1E5-693D-419A-A9BD-1F1D681ED4ED}"
EndProject
Project("{FAE04EC0-301F-11D3-BF4B-00C04F79EFBC}") = "BionicHillbilly.BookShopService.Books.Tests", "BionicHillbilly.BookShopService.Books.Tests\BionicHillbilly.BookShopService.Books.Tests.csproj", "{B19BA1BC-FA43-4AE4-834E-C002DDDCEB11}"
EndProject
Project("{FAE04EC0-301F-11D3-BF4B-00C04F79EFBC}") = "BionicHillbilly.BookShopService.Api.Tests", "BionicHillbilly.BookShopService.Api.Tests\BionicHillbilly.BookShopService.Api.Tests.csproj", "{C51C7289-12ED-4F15-8091-F2D701746E73}"
EndProject
Global
	GlobalSection(SolutionConfigurationPlatforms) = preSolution
		Debug|Any CPU = Debug|Any CPU
		Debug|x64 = Debug|x64
		Debug|x86 = Debug|x86
		Release|Any CPU = Release|Any CPU
		Release|x64 = Release|x64
		Release|x86 = Release|x86
	EndGlobalSection
	GlobalSection(SolutionProperties) = preSolution
		HideSolutionNode = FALSE
	EndGlobalSection
	GlobalSection(ProjectConfigurationPlatforms) = postSolution
		{E0D1C678-32CE-4806-A76B-42887DD4C570}.Debug|Any CPU.ActiveCfg = Debug|Any CPU
		{E0D1C678-32CE-4806-A76B-42887DD4C570}.Debug|Any CPU.Build.0 = Debug|Any CPU
		{E0D1C678-32CE-4806-A76B-42887DD4C570}.Debug|x64.ActiveCfg = Debug|Any CPU
		{E0D1C678-32CE-4806-A76B-42887DD4C570}.Debug|x64.Build.0 = Debug|Any CPU
		{E0D1C678-32CE-4806-A76B-42887DD4C570}.Debug|x86.ActiveCfg = Debug|Any CPU
		{E0D1C678-32CE-4806-A76B-42887DD4C570}.Debug|x86.Build.0 = Debug|Any CPU
		{E0D1C678-32CE-4806-A76B-42887DD4C570}.Release|Any CPU.ActiveCfg = Release|Any CPU
		{E0D1C678-32CE-4806-A76B-42887DD4C570}.Release|Any CPU.Build.0 = Release|Any CPU
		{E0D1C678-32CE-4806-A76B-42887DD4C570}.Release|x64.ActiveCfg = Release|Any CPU
		{E0D1C678-32CE-4806-A76B-42887DD4C570}.Release|x64.Build.0 = Release|Any CPU
		{E0D1C678-32CE-4806-A76B-42887DD4C570}.Release|x86.ActiveCfg = Release|Any CPU
		{E0D1C678-32CE-4806-A76B-42887DD4C570}.Release|x86.Build.0 = Release|Any CPU
		{354B511C-A91C-437C-A3CC-ABA89C0D73D2}.Debug|Any CPU.ActiveCfg = Debug|Any CPU
		{354B511C-A91C-437C-A3CC-ABA89C0D73D2}.Debug|Any CPU.Build.0 = Debug|Any CPU
		{354B511C-A91C-437C-A3CC-ABA89C0D73D2}.Debug|x64.ActiveCfg = Debug|Any CPU
		{354B511C-A91C-437C-A3CC-ABA89C0D73D2}.Debug|x64.Build.0 = Debug|Any CPU
		{354B511C-A91C-437C-A3CC-ABA89C0D73D2}.Debug|x86.ActiveCfg = Debug|Any CPU
		{354B511C-A91C-437C-A3CC-ABA89C0D73D2}.Debug|x86.Build.0 = Debug|Any CPU
		{354B511C-A91C-437C-A3CC-ABA89C0D73D2}.Release|Any CPU.ActiveCfg = Release|Any CPU
		{354B511C-A91C-437C-A3CC-ABA89C0D73D2}.Release|Any CPU.Build.0 = Release|Any CPU
		{354B511C-A91C-437C-A3CC-ABA89C0D73D2}.Release|x64.ActiveCfg = Release|Any CPU
		{354B511C-A91C-437C-A3CC-ABA89C0D73D2}.Release|x64.Build.0 = Release|Any CPU
		{354B511C-A91C-437C-A3CC-ABA89C0D73D2}.Release|x86.ActiveCfg = Release|Any CPU
		{354B511C-A91C-437C-A3CC-ABA89C0D73D2}.Release|x86.Build.0 = Release|Any CPU
		{B5E2F81A-95A2-4510-9032-B69767D6B96B}.Debug|Any CPU.ActiveCfg = Debug|Any CPU
		{B5E2F81A-95A2-4510-9032-B69767D6B96B}.Debug|Any CPU.Build.0 = Debug|Any CPU
		{B5E2F81A-95A2-4510-9032-B69767D6B96B}.Debug|x64.ActiveCfg = Debug|Any CPU
		{B5E2F81A-95A2-4510-9032-B69767D6B96B}.Debug|x64.Build.0 = Debug|Any CPU
		{B5E2F81A-95A2-4510-9032-B69767D6B96B}.Debug|x86.ActiveCfg = Debug|Any CPU
		{B5E2F81A-95A2-4510-9032-B69767D6B96B}.Debug|x86.Build.0 = Debug|Any CPU
		{B5E2F81A-95A2-4510-9032-B69767D6B96B}.Release|Any CPU.ActiveCfg = Release|Any CPU
		{B5E2F81A-95A2-4510-9032-B69767D6B96B}.Release|Any CPU.Build.0 = Release|Any CPU
		{B5E2F81A-95A2-4510-9032-B69767D6B96B}.Release|x64.ActiveCfg = Release|Any CPU
		{B5E2F81A-95A2-4510-9032-B69767D6B96B}.Release|x64.Build.0 = Release|Any CPU
		{B5E2F81A-95A2-4510-9032-B69767D6B96B}.Release|x86.ActiveCfg = Release|Any CPU
		{B5E2F81A-95A2-4510-9032-B69767D6B96B}.Release|x86.Build.0 = Release|Any CPU
		{096A7DD6-B0CB-49FF-A194-32802B31ED18}.Debug|Any CPU.ActiveCfg = Debug|Any CPU
		{096A7DD6-B0CB-49FF-A194-32802B31ED18}.Debug|Any CPU.Build.0 = Debug|Any CPU
		{096A7DD6-B0CB-49FF-A194-32802B31ED18}.Debug|x64.ActiveCfg = Debug|Any CPU
		{096A7DD6-B0CB-49FF-A194-32802B31ED18}.Debug|x64.Build.0 = Debug|Any CPU
		{096A7DD6-B0CB-49FF-A194-32802B31ED18}.Debug|x86.ActiveCfg = Debug|Any CPU
		{096A7DD6-B0CB-49FF-A194-32802B31ED18}.Debug|x86.Build.0 = Debug|Any CPU
		{096A7DD6-B0CB-49FF-A194-32802B31ED18}.Release|Any CPU.ActiveCfg = Release|Any CPU
		{096A7DD6-B0CB-49FF-A194-32802B31ED18}.Release|Any CPU.Build.0 = Release|Any CPU
		{096A7DD6-B0CB-49FF-A194-32802B31ED18}.Release|x64.ActiveCfg = Release|Any CPU
		{096A7DD6-B0CB-49FF-A194-32802B31ED18}.Release|x64.Build.0 = Release|Any CPU
		{096A7DD6-B0CB-49FF-A194-32802B31ED18}.Release|x86.ActiveCfg = Release|Any CPU
		{096A7DD6-B0CB-49FF-A194-32802B31ED18}.Release|x86.Build.0 = Release|Any CPU
		{6C2AA1E5-693D-419A-A9BD-1F1D681ED4ED}.Debug|Any CPU.ActiveCfg = Debug|Any CPU
		{6C2AA1E5-693D-419A-A9BD-1F1D681ED4ED}.Debug|Any CPU.Build.0 = Debug|Any CPU
		{6C2AA1E5-693D-419A-A9BD-1F1D681ED4ED}.Debug|x64.ActiveCfg = Debug|Any CPU
		{6C2AA1E5-693D-419A-A9BD-1F1D681ED4ED}.Debug|x64.Build.0 = Debug|Any CPU
		{6C2AA1E5-693D-419A-A9BD-1F1D681ED4ED}.Debug|x86.ActiveCfg = Debug|Any CPU
		{6C2AA1E5-693D-419A-A9BD-1F1D681ED4ED}.Debug|x86.Build.0 = Debug|Any CPU
		{6C2AA1E5-693D-419A-A9BD-1F1D681ED4ED}.Release|Any CPU.ActiveCfg = Release|Any CPU
		{6C2AA1E5-693D-419A-A9BD-1F1D681ED4ED}.Release|Any CPU.Build.0 = Release|Any CPU
		{6C2AA1E5-693D-419A-A9BD-1F1D681ED4ED}.Release|x64.ActiveCfg = Release|Any CPU
		{6C2AA1E5-693D-419A-A9BD-1F1D681ED4ED}.Release|x64.Build.0 = Release|Any CPU
		{6C2AA1E5-693D-419A-A9BD-1F1D681ED4ED}.Release|x86.ActiveCfg = Release|Any CPU
		{6C2AA1E5-693D-419A-A9BD-1F1D681ED4ED}.Release|x86.Build.0 = Release|Any CPU
		{B19BA1BC-FA43-4AE4-834E-C002DDDCEB11}.Debug|Any CPU.ActiveCfg = Debug|Any CPU
		{B19BA1BC-FA43-4AE4-834E-C002DDDCEB11}.Debug|Any CPU.Build.0 = Debug|Any CPU
		{B19BA1BC-FA43-4AE4-834E-C002DDDCEB11}.Debug|x64.ActiveCfg = Debug|Any CPU
		{B19BA1BC-FA43-4AE4-834E-C002DDDCEB11}.Debug|x64.Build.0 = Debug|Any CPU
		{B19BA1BC-FA43-4AE4-834E-C002DDDCEB11}.Debug|x86.ActiveCfg = Debug|Any CPU
		{B19BA1BC-FA43-4AE4-834E-C002DDDCEB11}.Debug|x86.Build.0 = Debug|Any CPU
		{B19BA1BC-FA43-4AE4-834E-C002DDDCEB11}.Release|Any CPU.ActiveCfg = Release|Any CPU
		{B19BA1BC-FA43-4AE4-834E-C002DDDCEB11}.Release|Any CPU.Build.0 = Release|Any CPU
		{B19BA1BC-FA43-4AE4-834E-C002DDDCEB11}.Release|x64.ActiveCfg = Release|Any CPU
		{B19BA1BC-FA43-4AE4-834E-C002DDDCEB11}.Release|x64.Build.0 = Release|Any CPU
		{B19BA1BC-FA43-4AE4-834E-C002DDDCEB11}.Release|x86.ActiveCfg = Release|Any CPU
		{B19BA1BC-FA43-4AE4-834E-C002DDDCEB11}.Release|x86.Build.0 = Release|Any CPU
		{C51C7289-12ED-4F15-8091-F2D701746E73}.Debug|Any CPU.ActiveCfg = Debug|Any CPU
		{C51C7289-12ED-4F15-8091-F2D701746E73}.Debug|Any CPU.Build.0 = Debug|Any CPU
		{C51C7289-12ED-4F15-8091-F2D701746E73}.Debug|x64.ActiveCfg = Debug|Any CPU
		{C51C7289-12ED-4F15-8091-F2D701746E73}.Debug|x64.Build.0 = Debug|Any CPU
		{C51C7289-12ED-4F15-8091-F2D701746E73}.Debug|x86.ActiveCfg = Debug|Any CPU
		{C51C7289-12ED-4F15-8091-F2D701746E73}.Debug|x86.Build.0 = Debug|Any CPU
		{C51C7289-12ED-4F15-8091-F2D701746E73}.Release|Any CPU.ActiveCfg = Release|Any CPU
		{C51C7289-12ED-4F15-8091-F2D701746E73}.Release|Any CPU.Build.0 = Release|Any CPU
		{C51C7289-12ED-4F15-8091-F2D701746E73}.Release|x64.ActiveCfg = Release|Any CPU
		{C51C7289-12ED-4F15-8091-F2D701746E73}.Release|x64.Build.0 = Release|Any CPU
		{C51C7289-12ED-4F15-8091-F2D701746E73}.Release|x86.ActiveCfg = Release|Any CPU
		{C51C7289-12ED-4F15-8091-F2D701746E73}.Release|x86.Build.0 = Release|Any CPU
	EndGlobalSection
EndGlobal
